
Microsoft Visual Studio Solution File, Format Version 12.00
# Visual Studio Version 16
VisualStudioVersion = 16.0.29424.173
MinimumVisualStudioVersion = 15.0.26124.0
Project("{2150E333-8FDC-42A3-9474-1A3956D46DE8}") = "src", "src", "{E101D488-94B4-4FB5-B1AC-732ECA83E960}"
EndProject
Project("{6EC3EE1D-3C4E-46DD-8F32-0CC8E7565705}") = "Informedica.GenOrder.Lib", "src\Informedica.GenOrder.Lib\Informedica.GenOrder.Lib.fsproj", "{39BF3B1D-A1EC-4218-AF58-17AA34BA2FCE}"
EndProject
Project("{2150E333-8FDC-42A3-9474-1A3956D46DE8}") = "build", "build", "{A4803FE9-FFB3-4ECA-9778-C04E8B3A3C50}"
	ProjectSection(SolutionItems) = preProject
		.gitignore = .gitignore
		.travis.yml = .travis.yml
		appveyor.yml = appveyor.yml
		build.cmd = build.cmd
		build.fsx = build.fsx
		build.sh = build.sh
		LICENSE.txt = LICENSE.txt
		paket.cmd = paket.cmd
		paket.dependencies = paket.dependencies
		Procfile = Procfile
		README.md = README.md
		RELEASE_NOTES.md = RELEASE_NOTES.md
		ToDo.txt = ToDo.txt
	EndProjectSection
EndProject
Global
	GlobalSection(SolutionConfigurationPlatforms) = preSolution
		Debug|Any CPU = Debug|Any CPU
		Debug|x64 = Debug|x64
		Debug|x86 = Debug|x86
		Release|Any CPU = Release|Any CPU
		Release|x64 = Release|x64
		Release|x86 = Release|x86
	EndGlobalSection
	GlobalSection(ProjectConfigurationPlatforms) = postSolution
		{39BF3B1D-A1EC-4218-AF58-17AA34BA2FCE}.Debug|Any CPU.ActiveCfg = Debug|Any CPU
		{39BF3B1D-A1EC-4218-AF58-17AA34BA2FCE}.Debug|Any CPU.Build.0 = Debug|Any CPU
		{39BF3B1D-A1EC-4218-AF58-17AA34BA2FCE}.Debug|x64.ActiveCfg = Debug|Any CPU
		{39BF3B1D-A1EC-4218-AF58-17AA34BA2FCE}.Debug|x64.Build.0 = Debug|Any CPU
		{39BF3B1D-A1EC-4218-AF58-17AA34BA2FCE}.Debug|x86.ActiveCfg = Debug|Any CPU
		{39BF3B1D-A1EC-4218-AF58-17AA34BA2FCE}.Debug|x86.Build.0 = Debug|Any CPU
		{39BF3B1D-A1EC-4218-AF58-17AA34BA2FCE}.Release|Any CPU.ActiveCfg = Release|Any CPU
		{39BF3B1D-A1EC-4218-AF58-17AA34BA2FCE}.Release|Any CPU.Build.0 = Release|Any CPU
		{39BF3B1D-A1EC-4218-AF58-17AA34BA2FCE}.Release|x64.ActiveCfg = Release|Any CPU
		{39BF3B1D-A1EC-4218-AF58-17AA34BA2FCE}.Release|x64.Build.0 = Release|Any CPU
		{39BF3B1D-A1EC-4218-AF58-17AA34BA2FCE}.Release|x86.ActiveCfg = Release|Any CPU
		{39BF3B1D-A1EC-4218-AF58-17AA34BA2FCE}.Release|x86.Build.0 = Release|Any CPU
	EndGlobalSection
	GlobalSection(SolutionProperties) = preSolution
		HideSolutionNode = FALSE
	EndGlobalSection
	GlobalSection(NestedProjects) = preSolution
		{39BF3B1D-A1EC-4218-AF58-17AA34BA2FCE} = {E101D488-94B4-4FB5-B1AC-732ECA83E960}
	EndGlobalSection
	GlobalSection(ExtensibilityGlobals) = postSolution
		SolutionGuid = {6EB5B153-792B-445A-AD06-85725CE072C2}
	EndGlobalSection
EndGlobal
